
Microsoft Visual Studio Solution File, Format Version 12.00
# Visual Studio Version 17
VisualStudioVersion = 17.8.34330.188
MinimumVisualStudioVersion = 10.0.40219.1
Project("{9A19103F-16F7-4668-BE54-9A1E7A4F7556}") = "BloodDonationManagement", "BloodDonationManagement.csproj", "{E8C9E8CE-3AE6-4FB3-A2A3-9E756FAD2126}"
EndProject
Project("{9A19103F-16F7-4668-BE54-9A1E7A4F7556}") = "BloodDonation.BLL", "..\BloodDonation.BLL\BloodDonation.BLL.csproj", "{D689A35B-0B45-4FEB-900C-A114FD7BF44F}"
EndProject
Project("{9A19103F-16F7-4668-BE54-9A1E7A4F7556}") = "BloodDonation.DAL", "..\BloodDonation.DAL\BloodDonation.DAL.csproj", "{3153FDCF-B4B8-4E34-A12D-BB072B9896BE}"
EndProject
Project("{9A19103F-16F7-4668-BE54-9A1E7A4F7556}") = "BloodDonation.DTO", "..\BloodDonation.DTO\BloodDonation.DTO.csproj", "{B75581D0-0458-4670-9C75-9A034C721562}"
EndProject
Project("{FAE04EC0-301F-11D3-BF4B-00C04F79EFBC}") = "BloodDonation.WebApi", "..\BloodDonation.WebApi\BloodDonation.WebApi.csproj", "{084F3939-F87E-48CA-A45E-8B598F914ABF}"
EndProject
Global
	GlobalSection(SolutionConfigurationPlatforms) = preSolution
		Debug|Any CPU = Debug|Any CPU
		Release|Any CPU = Release|Any CPU
	EndGlobalSection
	GlobalSection(ProjectConfigurationPlatforms) = postSolution
		{E8C9E8CE-3AE6-4FB3-A2A3-9E756FAD2126}.Debug|Any CPU.ActiveCfg = Debug|Any CPU
		{E8C9E8CE-3AE6-4FB3-A2A3-9E756FAD2126}.Debug|Any CPU.Build.0 = Debug|Any CPU
		{E8C9E8CE-3AE6-4FB3-A2A3-9E756FAD2126}.Release|Any CPU.ActiveCfg = Release|Any CPU
		{E8C9E8CE-3AE6-4FB3-A2A3-9E756FAD2126}.Release|Any CPU.Build.0 = Release|Any CPU
		{D689A35B-0B45-4FEB-900C-A114FD7BF44F}.Debug|Any CPU.ActiveCfg = Debug|Any CPU
		{D689A35B-0B45-4FEB-900C-A114FD7BF44F}.Debug|Any CPU.Build.0 = Debug|Any CPU
		{D689A35B-0B45-4FEB-900C-A114FD7BF44F}.Release|Any CPU.ActiveCfg = Release|Any CPU
		{D689A35B-0B45-4FEB-900C-A114FD7BF44F}.Release|Any CPU.Build.0 = Release|Any CPU
		{3153FDCF-B4B8-4E34-A12D-BB072B9896BE}.Debug|Any CPU.ActiveCfg = Debug|Any CPU
		{3153FDCF-B4B8-4E34-A12D-BB072B9896BE}.Debug|Any CPU.Build.0 = Debug|Any CPU
		{3153FDCF-B4B8-4E34-A12D-BB072B9896BE}.Release|Any CPU.ActiveCfg = Release|Any CPU
		{3153FDCF-B4B8-4E34-A12D-BB072B9896BE}.Release|Any CPU.Build.0 = Release|Any CPU
		{B75581D0-0458-4670-9C75-9A034C721562}.Debug|Any CPU.ActiveCfg = Debug|Any CPU
		{B75581D0-0458-4670-9C75-9A034C721562}.Debug|Any CPU.Build.0 = Debug|Any CPU
		{B75581D0-0458-4670-9C75-9A034C721562}.Release|Any CPU.ActiveCfg = Release|Any CPU
		{B75581D0-0458-4670-9C75-9A034C721562}.Release|Any CPU.Build.0 = Release|Any CPU
		{084F3939-F87E-48CA-A45E-8B598F914ABF}.Debug|Any CPU.ActiveCfg = Debug|Any CPU
		{084F3939-F87E-48CA-A45E-8B598F914ABF}.Debug|Any CPU.Build.0 = Debug|Any CPU
		{084F3939-F87E-48CA-A45E-8B598F914ABF}.Release|Any CPU.ActiveCfg = Release|Any CPU
		{084F3939-F87E-48CA-A45E-8B598F914ABF}.Release|Any CPU.Build.0 = Release|Any CPU
	EndGlobalSection
	GlobalSection(SolutionProperties) = preSolution
		HideSolutionNode = FALSE
	EndGlobalSection
	GlobalSection(ExtensibilityGlobals) = postSolution
		SolutionGuid = {411FF26C-884B-481B-B196-587B602C322B}
	EndGlobalSection
EndGlobal
